// !$*UTF8*$!
{
	archiveVersion = 1;
	classes = {
	};
	objectVersion = 46;
	objects = {

/* Begin PBXBuildFile section */
		66872B451DAF861000D4B58E /* main.m in Sources */ = {isa = PBXBuildFile; fileRef = 66872B441DAF861000D4B58E /* main.m */; };
		66872B481DAF861000D4B58E /* AppDelegate.m in Sources */ = {isa = PBXBuildFile; fileRef = 66872B471DAF861000D4B58E /* AppDelegate.m */; };
		66872B4B1DAF861000D4B58E /* ViewController.m in Sources */ = {isa = PBXBuildFile; fileRef = 66872B4A1DAF861000D4B58E /* ViewController.m */; };
		66872B4E1DAF861000D4B58E /* Main.storyboard in Resources */ = {isa = PBXBuildFile; fileRef = 66872B4C1DAF861000D4B58E /* Main.storyboard */; };
		66872B511DAF861000D4B58E /* BaiduMapDemo.xcdatamodeld in Sources */ = {isa = PBXBuildFile; fileRef = 66872B4F1DAF861000D4B58E /* BaiduMapDemo.xcdatamodeld */; };
		66872B531DAF861000D4B58E /* Assets.xcassets in Resources */ = {isa = PBXBuildFile; fileRef = 66872B521DAF861000D4B58E /* Assets.xcassets */; };
		66872B561DAF861000D4B58E /* LaunchScreen.storyboard in Resources */ = {isa = PBXBuildFile; fileRef = 66872B541DAF861000D4B58E /* LaunchScreen.storyboard */; };
/* End PBXBuildFile section */

/* Begin PBXFileReference section */
		66872B401DAF861000D4B58E /* BaiduMapDemo.app */ = {isa = PBXFileReference; explicitFileType = wrapper.application; includeInIndex = 0; path = BaiduMapDemo.app; sourceTree = BUILT_PRODUCTS_DIR; };
		66872B441DAF861000D4B58E /* main.m */ = {isa = PBXFileReference; lastKnownFileType = sourcecode.c.objc; path = main.m; sourceTree = "<group>"; };
		66872B461DAF861000D4B58E /* AppDelegate.h */ = {isa = PBXFileReference; lastKnownFileType = sourcecode.c.h; path = AppDelegate.h; sourceTree = "<group>"; };
		66872B471DAF861000D4B58E /* AppDelegate.m */ = {isa = PBXFileReference; lastKnownFileType = sourcecode.c.objc; path = AppDelegate.m; sourceTree = "<group>"; };
		66872B491DAF861000D4B58E /* ViewController.h */ = {isa = PBXFileReference; lastKnownFileType = sourcecode.c.h; path = ViewController.h; sourceTree = "<group>"; };
		66872B4A1DAF861000D4B58E /* ViewController.m */ = {isa = PBXFileReference; lastKnownFileType = sourcecode.c.objc; path = ViewController.m; sourceTree = "<group>"; };
		66872B4D1DAF861000D4B58E /* Base */ = {isa = PBXFileReference; lastKnownFileType = file.storyboard; name = Base; path = Base.lproj/Main.storyboard; sourceTree = "<group>"; };
		66872B501DAF861000D4B58E /* BaiduMapDemo.xcdatamodel */ = {isa = PBXFileReference; lastKnownFileType = wrapper.xcdatamodel; path = BaiduMapDemo.xcdatamodel; sourceTree = "<group>"; };
		66872B521DAF861000D4B58E /* Assets.xcassets */ = {isa = PBXFileReference; lastKnownFileType = folder.assetcatalog; path = Assets.xcassets; sourceTree = "<group>"; };
		66872B551DAF861000D4B58E /* Base */ = {isa = PBXFileReference; lastKnownFileType = file.storyboard; name = Base; path = Base.lproj/LaunchScreen.storyboard; sourceTree = "<group>"; };
		66872B571DAF861000D4B58E /* Info.plist */ = {isa = PBXFileReference; lastKnownFileType = text.plist.xml; path = Info.plist; sourceTree = "<group>"; };
/* End PBXFileReference section */

/* Begin PBXFrameworksBuildPhase section */
		66872B3D1DAF861000D4B58E /* Frameworks */ = {
			isa = PBXFrameworksBuildPhase;
			buildActionMask = 2147483647;
			files = (
			);
			runOnlyForDeploymentPostprocessing = 0;
		};
/* End PBXFrameworksBuildPhase section */

/* Begin PBXGroup section */
		66872B371DAF861000D4B58E = {
			isa = PBXGroup;
			children = (
				66872B421DAF861000D4B58E /* BaiduMapDemo */,
				66872B411DAF861000D4B58E /* Products */,
			);
			sourceTree = "<group>";
		};
		66872B411DAF861000D4B58E /* Products */ = {
			isa = PBXGroup;
			children = (
				66872B401DAF861000D4B58E /* BaiduMapDemo.app */,
			);
			name = Products;
			sourceTree = "<group>";
		};
		66872B421DAF861000D4B58E /* BaiduMapDemo */ = {
			isa = PBXGroup;
			children = (
				66872B461DAF861000D4B58E /* AppDelegate.h */,
				66872B471DAF861000D4B58E /* AppDelegate.m */,
				66872B491DAF861000D4B58E /* ViewController.h */,
				66872B4A1DAF861000D4B58E /* ViewController.m */,
				66872B4C1DAF861000D4B58E /* Main.storyboard */,
				66872B521DAF861000D4B58E /* Assets.xcassets */,
				66872B541DAF861000D4B58E /* LaunchScreen.storyboard */,
				66872B571DAF861000D4B58E /* Info.plist */,
				66872B4F1DAF861000D4B58E /* BaiduMapDemo.xcdatamodeld */,
				66872B431DAF861000D4B58E /* Supporting Files */,
			);
			path = BaiduMapDemo;
			sourceTree = "<group>";
		};
		66872B431DAF861000D4B58E /* Supporting Files */ = {
			isa = PBXGroup;
			children = (
				66872B441DAF861000D4B58E /* main.m */,
			);
			name = "Supporting Files";
			sourceTree = "<group>";
		};
/* End PBXGroup section */

/* Begin PBXNativeTarget section */
		66872B3F1DAF861000D4B58E /* BaiduMapDemo */ = {
			isa = PBXNativeTarget;
			buildConfigurationList = 66872B5A1DAF861000D4B58E /* Build configuration list for PBXNativeTarget "BaiduMapDemo" */;
			buildPhases = (
				66872B3C1DAF861000D4B58E /* Sources */,
				66872B3D1DAF861000D4B58E /* Frameworks */,
				66872B3E1DAF861000D4B58E /* Resources */,
			);
			buildRules = (
			);
			dependencies = (
			);
			name = BaiduMapDemo;
			productName = BaiduMapDemo;
			productReference = 66872B401DAF861000D4B58E /* BaiduMapDemo.app */;
			productType = "com.apple.product-type.application";
		};
/* End PBXNativeTarget section */

/* Begin PBXProject section */
		66872B381DAF861000D4B58E /* Project object */ = {
			isa = PBXProject;
			attributes = {
				LastUpgradeCheck = 0800;
				ORGANIZATIONNAME = example;
				TargetAttributes = {
					66872B3F1DAF861000D4B58E = {
						CreatedOnToolsVersion = 8.0;
						ProvisioningStyle = Automatic;
					};
				};
			};
			buildConfigurationList = 66872B3B1DAF861000D4B58E /* Build configuration list for PBXProject "BaiduMapDemo" */;
			compatibilityVersion = "Xcode 3.2";
			developmentRegion = English;
			hasScannedForEncodings = 0;
			knownRegions = (
				en,
				Base,
			);
			mainGroup = 66872B371DAF861000D4B58E;
			productRefGroup = 66872B411DAF861000D4B58E /* Products */;
			projectDirPath = "";
			projectRoot = "";
			targets = (
				66872B3F1DAF861000D4B58E /* BaiduMapDemo */,
			);
		};
/* End PBXProject section */

/* Begin PBXResourcesBuildPhase section */
		66872B3E1DAF861000D4B58E /* Resources */ = {
			isa = PBXResourcesBuildPhase;
			buildActionMask = 2147483647;
			files = (
				66872B561DAF861000D4B58E /* LaunchScreen.storyboard in Resources */,
				66872B531DAF861000D4B58E /* Assets.xcassets in Resources */,
				66872B4E1DAF861000D4B58E /* Main.storyboard in Resources */,
			);
			runOnlyForDeploymentPostprocessing = 0;
		};
/* End PBXResourcesBuildPhase section */

/* Begin PBXSourcesBuildPhase section */
		66872B3C1DAF861000D4B58E /* Sources */ = {
			isa = PBXSourcesBuildPhase;
			buildActionMask = 2147483647;
			files = (
				66872B4B1DAF861000D4B58E /* ViewController.m in Sources */,
				66872B511DAF861000D4B58E /* BaiduMapDemo.xcdatamodeld in Sources */,
				66872B481DAF861000D4B58E /* AppDelegate.m in Sources */,
				66872B451DAF861000D4B58E /* main.m in Sources */,
			);
			runOnlyForDeploymentPostprocessing = 0;
		};
/* End PBXSourcesBuildPhase section */

/* Begin PBXVariantGroup section */
		66872B4C1DAF861000D4B58E /* Main.storyboard */ = {
			isa = PBXVariantGroup;
			children = (
				66872B4D1DAF861000D4B58E /* Base */,
			);
			name = Main.storyboard;
			sourceTree = "<group>";
		};
		66872B541DAF861000D4B58E /* LaunchScreen.storyboard */ = {
			isa = PBXVariantGroup;
			children = (
				66872B551DAF861000D4B58E /* Base */,
			);
			name = LaunchScreen.storyboard;
			sourceTree = "<group>";
		};
/* End PBXVariantGroup section */

/* Begin XCBuildConfiguration section */
		66872B581DAF861000D4B58E /* Debug */ = {
			isa = XCBuildConfiguration;
			buildSettings = {
				ALWAYS_SEARCH_USER_PATHS = NO;
				CLANG_ANALYZER_NONNULL = YES;
				CLANG_CXX_LANGUAGE_STANDARD = "gnu++0x";
				CLANG_CXX_LIBRARY = "libc++";
				CLANG_ENABLE_MODULES = YES;
				CLANG_ENABLE_OBJC_ARC = YES;
				CLANG_WARN_BOOL_CONVERSION = YES;
				CLANG_WARN_CONSTANT_CONVERSION = YES;
				CLANG_WARN_DIRECT_OBJC_ISA_USAGE = YES_ERROR;
				CLANG_WARN_DOCUMENTATION_COMMENTS = YES;
				CLANG_WARN_EMPTY_BODY = YES;
				CLANG_WARN_ENUM_CONVERSION = YES;
				CLANG_WARN_INFINITE_RECURSION = YES;
				CLANG_WARN_INT_CONVERSION = YES;
				CLANG_WARN_OBJC_ROOT_CLASS = YES_ERROR;
				CLANG_WARN_SUSPICIOUS_MOVES = YES;
				CLANG_WARN_UNREACHABLE_CODE = YES;
				CLANG_WARN__DUPLICATE_METHOD_MATCH = YES;
				"CODE_SIGN_IDENTITY[sdk=iphoneos*]" = "iPhone Developer";
				COPY_PHASE_STRIP = NO;
				DEBUG_INFORMATION_FORMAT = dwarf;
				ENABLE_STRICT_OBJC_MSGSEND = YES;
				ENABLE_TESTABILITY = YES;
				GCC_C_LANGUAGE_STANDARD = gnu99;
				GCC_DYNAMIC_NO_PIC = NO;
				GCC_NO_COMMON_BLOCKS = YES;
				GCC_OPTIMIZATION_LEVEL = 0;
				GCC_PREPROCESSOR_DEFINITIONS = (
					"DEBUG=1",
					"$(inherited)",
				);
				GCC_WARN_64_TO_32_BIT_CONVERSION = YES;
				GCC_WARN_ABOUT_RETURN_TYPE = YES_ERROR;
				GCC_WARN_UNDECLARED_SELECTOR = YES;
				GCC_WARN_UNINITIALIZED_AUTOS = YES_AGGRESSIVE;
				GCC_WARN_UNUSED_FUNCTION = YES;
				GCC_WARN_UNUSED_VARIABLE = YES;
				IPHONEOS_DEPLOYMENT_TARGET = 10.0;
				MTL_ENABLE_DEBUG_INFO = YES;
				ONLY_ACTIVE_ARCH = YES;
				SDKROOT = iphoneos;
			};
			name = Debug;
		};
		66872B591DAF861000D4B58E /* Release */ = {
			isa = XCBuildConfiguration;
			buildSettings = {
				ALWAYS_SEARCH_USER_PATHS = NO;
				CLANG_ANALYZER_NONNULL = YES;
				CLANG_CXX_LANGUAGE_STANDARD = "gnu++0x";
				CLANG_CXX_LIBRARY = "libc++";
				CLANG_ENABLE_MODULES = YES;
				CLANG_ENABLE_OBJC_ARC = YES;
				CLANG_WARN_BOOL_CONVERSION = YES;
				CLANG_WARN_CONSTANT_CONVERSION = YES;
				CLANG_WARN_DIRECT_OBJC_ISA_USAGE = YES_ERROR;
				CLANG_WARN_DOCUMENTATION_COMMENTS = YES;
				CLANG_WARN_EMPTY_BODY = YES;
				CLANG_WARN_ENUM_CONVERSION = YES;
				CLANG_WARN_INFINITE_RECURSION = YES;
				CLANG_WARN_INT_CONVERSION = YES;
				CLANG_WARN_OBJC_ROOT_CLASS = YES_ERROR;
				CLANG_WARN_SUSPICIOUS_MOVES = YES;
				CLANG_WARN_UNREACHABLE_CODE = YES;
				CLANG_WARN__DUPLICATE_METHOD_MATCH = YES;
				"CODE_SIGN_IDENTITY[sdk=iphoneos*]" = "iPhone Developer";
				COPY_PHASE_STRIP = NO;
				DEBUG_INFORMATION_FORMAT = "dwarf-with-dsym";
				ENABLE_NS_ASSERTIONS = NO;
				ENABLE_STRICT_OBJC_MSGSEND = YES;
				GCC_C_LANGUAGE_STANDARD = gnu99;
				GCC_NO_COMMON_BLOCKS = YES;
				GCC_WARN_64_TO_32_BIT_CONVERSION = YES;
				GCC_WARN_ABOUT_RETURN_TYPE = YES_ERROR;
				GCC_WARN_UNDECLARED_SELECTOR = YES;
				GCC_WARN_UNINITIALIZED_AUTOS = YES_AGGRESSIVE;
				GCC_WARN_UNUSED_FUNCTION = YES;
				GCC_WARN_UNUSED_VARIABLE = YES;
				IPHONEOS_DEPLOYMENT_TARGET = 10.0;
				MTL_ENABLE_DEBUG_INFO = NO;
				SDKROOT = iphoneos;
				VALIDATE_PRODUCT = YES;
			};
			name = Release;
		};
		66872B5B1DAF861000D4B58E /* Debug */ = {
			isa = XCBuildConfiguration;
			buildSettings = {
				ASSETCATALOG_COMPILER_APPICON_NAME = AppIcon;
				INFOPLIST_FILE = BaiduMapDemo/Info.plist;
				LD_RUNPATH_SEARCH_PATHS = "$(inherited) @executable_path/Frameworks";
				PRODUCT_BUNDLE_IDENTIFIER = com.example.BaiduMapDemo;
				PRODUCT_NAME = "$(TARGET_NAME)";
			};
			name = Debug;
		};
		66872B5C1DAF861000D4B58E /* Release */ = {
			isa = XCBuildConfiguration;
			buildSettings = {
				ASSETCATALOG_COMPILER_APPICON_NAME = AppIcon;
				INFOPLIST_FILE = BaiduMapDemo/Info.plist;
				LD_RUNPATH_SEARCH_PATHS = "$(inherited) @executable_path/Frameworks";
				PRODUCT_BUNDLE_IDENTIFIER = com.example.BaiduMapDemo;
				PRODUCT_NAME = "$(TARGET_NAME)";
			};
			name = Release;
		};
/* End XCBuildConfiguration section */

/* Begin XCConfigurationList section */
		66872B3B1DAF861000D4B58E /* Build configuration list for PBXProject "BaiduMapDemo" */ = {
			isa = XCConfigurationList;
			buildConfigurations = (
				66872B581DAF861000D4B58E /* Debug */,
				66872B591DAF861000D4B58E /* Release */,
			);
			defaultConfigurationIsVisible = 0;
			defaultConfigurationName = Release;
		};
		66872B5A1DAF861000D4B58E /* Build configuration list for PBXNativeTarget "BaiduMapDemo" */ = {
			isa = XCConfigurationList;
			buildConfigurations = (
				66872B5B1DAF861000D4B58E /* Debug */,
				66872B5C1DAF861000D4B58E /* Release */,
			);
			defaultConfigurationIsVisible = 0;
		};
/* End XCConfigurationList section */

/* Begin XCVersionGroup section */
		66872B4F1DAF861000D4B58E /* BaiduMapDemo.xcdatamodeld */ = {
			isa = XCVersionGroup;
			children = (
				66872B501DAF861000D4B58E /* BaiduMapDemo.xcdatamodel */,
			);
			currentVersion = 66872B501DAF861000D4B58E /* BaiduMapDemo.xcdatamodel */;
			path = BaiduMapDemo.xcdatamodeld;
			sourceTree = "<group>";
			versionGroupType = wrapper.xcdatamodel;
		};
/* End XCVersionGroup section */
	};
	rootObject = 66872B381DAF861000D4B58E /* Project object */;
}
